
Microsoft Visual Studio Solution File, Format Version 12.00
# Visual Studio Version 16
VisualStudioVersion = 16.0.29728.190
MinimumVisualStudioVersion = 10.0.40219.1
Project("{9A19103F-16F7-4668-BE54-9A1E7A4F7556}") = "PaymentGateway.Api", "PaymentGateway.Api\PaymentGateway.Api.csproj", "{26CD9E6C-2BA6-453B-BD9E-2C39F3780BBB}"
EndProject
Project("{9A19103F-16F7-4668-BE54-9A1E7A4F7556}") = "PaymentGateway.Domain", "PaymentGateway.Domain\PaymentGateway.Domain.csproj", "{F853DDBA-A4D5-4DDA-9C98-364838C10D09}"
EndProject
Project("{9A19103F-16F7-4668-BE54-9A1E7A4F7556}") = "PaymentGateway.Application", "PaymentGateway.Application\PaymentGateway.Application.csproj", "{09B1D44E-DD68-43AF-83FF-A1A7821AE8E7}"
EndProject
Project("{9A19103F-16F7-4668-BE54-9A1E7A4F7556}") = "PaymentGateway.Infrastructure", "PaymentGateway.Infrastructure\PaymentGateway.Infrastructure.csproj", "{BD87914E-0606-43BB-9970-B54564953056}"
EndProject
Project("{9A19103F-16F7-4668-BE54-9A1E7A4F7556}") = "PaymentGateway.UnitTests", "PaymentGateway.UnitTests\PaymentGateway.UnitTests.csproj", "{9C8E1961-75B2-4E40-92AD-A495F2528957}"
EndProject
Project("{9A19103F-16F7-4668-BE54-9A1E7A4F7556}") = "PaymentGateway.IntegrationTests", "PaymentGateway.IntegrationTests\PaymentGateway.IntegrationTests.csproj", "{BAC5D347-DA4F-49AE-B71A-4FC8C6A19D4E}"
EndProject
Project("{9A19103F-16F7-4668-BE54-9A1E7A4F7556}") = "PaymentGateway.SharedTests", "PaymentGateway.SharedTests\PaymentGateway.SharedTests.csproj", "{DF264C3C-31FE-48C0-8778-21F64864A849}"
EndProject
Project("{9A19103F-16F7-4668-BE54-9A1E7A4F7556}") = "PaymentGateway.IdentityServer", "PaymentGateway.IdentityServer\PaymentGateway.IdentityServer.csproj", "{E8E6BF8B-2714-44FA-95AB-E351E0D342A1}"
EndProject
Project("{FAE04EC0-301F-11D3-BF4B-00C04F79EFBC}") = "AcquiringBank.Simulator", "AcquiringBank.Simulator\AcquiringBank.Simulator.csproj", "{88042339-CB5C-4643-AD90-AECA486247FB}"
EndProject
Global
	GlobalSection(SolutionConfigurationPlatforms) = preSolution
		Debug|Any CPU = Debug|Any CPU
		Release|Any CPU = Release|Any CPU
	EndGlobalSection
	GlobalSection(ProjectConfigurationPlatforms) = postSolution
		{26CD9E6C-2BA6-453B-BD9E-2C39F3780BBB}.Debug|Any CPU.ActiveCfg = Debug|Any CPU
		{26CD9E6C-2BA6-453B-BD9E-2C39F3780BBB}.Debug|Any CPU.Build.0 = Debug|Any CPU
		{26CD9E6C-2BA6-453B-BD9E-2C39F3780BBB}.Release|Any CPU.ActiveCfg = Release|Any CPU
		{26CD9E6C-2BA6-453B-BD9E-2C39F3780BBB}.Release|Any CPU.Build.0 = Release|Any CPU
		{F853DDBA-A4D5-4DDA-9C98-364838C10D09}.Debug|Any CPU.ActiveCfg = Debug|Any CPU
		{F853DDBA-A4D5-4DDA-9C98-364838C10D09}.Debug|Any CPU.Build.0 = Debug|Any CPU
		{F853DDBA-A4D5-4DDA-9C98-364838C10D09}.Release|Any CPU.ActiveCfg = Release|Any CPU
		{F853DDBA-A4D5-4DDA-9C98-364838C10D09}.Release|Any CPU.Build.0 = Release|Any CPU
		{09B1D44E-DD68-43AF-83FF-A1A7821AE8E7}.Debug|Any CPU.ActiveCfg = Debug|Any CPU
		{09B1D44E-DD68-43AF-83FF-A1A7821AE8E7}.Debug|Any CPU.Build.0 = Debug|Any CPU
		{09B1D44E-DD68-43AF-83FF-A1A7821AE8E7}.Release|Any CPU.ActiveCfg = Release|Any CPU
		{09B1D44E-DD68-43AF-83FF-A1A7821AE8E7}.Release|Any CPU.Build.0 = Release|Any CPU
		{BD87914E-0606-43BB-9970-B54564953056}.Debug|Any CPU.ActiveCfg = Debug|Any CPU
		{BD87914E-0606-43BB-9970-B54564953056}.Debug|Any CPU.Build.0 = Debug|Any CPU
		{BD87914E-0606-43BB-9970-B54564953056}.Release|Any CPU.ActiveCfg = Release|Any CPU
		{BD87914E-0606-43BB-9970-B54564953056}.Release|Any CPU.Build.0 = Release|Any CPU
		{9C8E1961-75B2-4E40-92AD-A495F2528957}.Debug|Any CPU.ActiveCfg = Debug|Any CPU
		{9C8E1961-75B2-4E40-92AD-A495F2528957}.Debug|Any CPU.Build.0 = Debug|Any CPU
		{9C8E1961-75B2-4E40-92AD-A495F2528957}.Release|Any CPU.ActiveCfg = Release|Any CPU
		{9C8E1961-75B2-4E40-92AD-A495F2528957}.Release|Any CPU.Build.0 = Release|Any CPU
		{BAC5D347-DA4F-49AE-B71A-4FC8C6A19D4E}.Debug|Any CPU.ActiveCfg = Debug|Any CPU
		{BAC5D347-DA4F-49AE-B71A-4FC8C6A19D4E}.Debug|Any CPU.Build.0 = Debug|Any CPU
		{BAC5D347-DA4F-49AE-B71A-4FC8C6A19D4E}.Release|Any CPU.ActiveCfg = Release|Any CPU
		{BAC5D347-DA4F-49AE-B71A-4FC8C6A19D4E}.Release|Any CPU.Build.0 = Release|Any CPU
		{DF264C3C-31FE-48C0-8778-21F64864A849}.Debug|Any CPU.ActiveCfg = Debug|Any CPU
		{DF264C3C-31FE-48C0-8778-21F64864A849}.Debug|Any CPU.Build.0 = Debug|Any CPU
		{DF264C3C-31FE-48C0-8778-21F64864A849}.Release|Any CPU.ActiveCfg = Release|Any CPU
		{DF264C3C-31FE-48C0-8778-21F64864A849}.Release|Any CPU.Build.0 = Release|Any CPU
		{E8E6BF8B-2714-44FA-95AB-E351E0D342A1}.Debug|Any CPU.ActiveCfg = Debug|Any CPU
		{E8E6BF8B-2714-44FA-95AB-E351E0D342A1}.Debug|Any CPU.Build.0 = Debug|Any CPU
		{E8E6BF8B-2714-44FA-95AB-E351E0D342A1}.Release|Any CPU.ActiveCfg = Release|Any CPU
		{E8E6BF8B-2714-44FA-95AB-E351E0D342A1}.Release|Any CPU.Build.0 = Release|Any CPU
		{88042339-CB5C-4643-AD90-AECA486247FB}.Debug|Any CPU.ActiveCfg = Debug|Any CPU
		{88042339-CB5C-4643-AD90-AECA486247FB}.Debug|Any CPU.Build.0 = Debug|Any CPU
		{88042339-CB5C-4643-AD90-AECA486247FB}.Release|Any CPU.ActiveCfg = Release|Any CPU
		{88042339-CB5C-4643-AD90-AECA486247FB}.Release|Any CPU.Build.0 = Release|Any CPU
	EndGlobalSection
	GlobalSection(SolutionProperties) = preSolution
		HideSolutionNode = FALSE
	EndGlobalSection
	GlobalSection(ExtensibilityGlobals) = postSolution
		SolutionGuid = {06D00130-95D0-487A-88A2-EC92DF882ED2}
	EndGlobalSection
EndGlobal
